
Microsoft Visual Studio Solution File, Format Version 12.00
# Visual Studio Version 17
VisualStudioVersion = 17.0.31912.275
MinimumVisualStudioVersion = 10.0.40219.1
Project("{FAE04EC0-301F-11D3-BF4B-00C04F79EFBC}") = "Interfaz", "Interfaz\Interfaz.csproj", "{308EDFDD-9E21-42EA-9B2E-3E150F66FFA9}"
EndProject
Project("{FAE04EC0-301F-11D3-BF4B-00C04F79EFBC}") = "Logica", "Logica\Logica.csproj", "{DA8F8961-F468-4C22-91B9-EBDE078CBCA1}"
EndProject
Project("{FAE04EC0-301F-11D3-BF4B-00C04F79EFBC}") = "Entidades", "Entidades\Entidades.csproj", "{F1DB8E79-4535-4DB5-924E-095E2FA19448}"
EndProject
Project("{FAE04EC0-301F-11D3-BF4B-00C04F79EFBC}") = "ArgEventos", "ArgEventos\ArgEventos.csproj", "{94F6A14C-D598-47EB-9628-3325D97806DD}"
EndProject
Project("{FAE04EC0-301F-11D3-BF4B-00C04F79EFBC}") = "Persistencia", "Persistencia\Persistencia.csproj", "{78DB4157-3BFA-47A7-A8D3-BB0A11D82514}"
EndProject
Global
	GlobalSection(SolutionConfigurationPlatforms) = preSolution
		Debug|Any CPU = Debug|Any CPU
		Release|Any CPU = Release|Any CPU
	EndGlobalSection
	GlobalSection(ProjectConfigurationPlatforms) = postSolution
		{308EDFDD-9E21-42EA-9B2E-3E150F66FFA9}.Debug|Any CPU.ActiveCfg = Debug|Any CPU
		{308EDFDD-9E21-42EA-9B2E-3E150F66FFA9}.Debug|Any CPU.Build.0 = Debug|Any CPU
		{308EDFDD-9E21-42EA-9B2E-3E150F66FFA9}.Release|Any CPU.ActiveCfg = Release|Any CPU
		{308EDFDD-9E21-42EA-9B2E-3E150F66FFA9}.Release|Any CPU.Build.0 = Release|Any CPU
		{DA8F8961-F468-4C22-91B9-EBDE078CBCA1}.Debug|Any CPU.ActiveCfg = Debug|Any CPU
		{DA8F8961-F468-4C22-91B9-EBDE078CBCA1}.Debug|Any CPU.Build.0 = Debug|Any CPU
		{DA8F8961-F468-4C22-91B9-EBDE078CBCA1}.Release|Any CPU.ActiveCfg = Release|Any CPU
		{DA8F8961-F468-4C22-91B9-EBDE078CBCA1}.Release|Any CPU.Build.0 = Release|Any CPU
		{F1DB8E79-4535-4DB5-924E-095E2FA19448}.Debug|Any CPU.ActiveCfg = Debug|Any CPU
		{F1DB8E79-4535-4DB5-924E-095E2FA19448}.Debug|Any CPU.Build.0 = Debug|Any CPU
		{F1DB8E79-4535-4DB5-924E-095E2FA19448}.Release|Any CPU.ActiveCfg = Release|Any CPU
		{F1DB8E79-4535-4DB5-924E-095E2FA19448}.Release|Any CPU.Build.0 = Release|Any CPU
		{94F6A14C-D598-47EB-9628-3325D97806DD}.Debug|Any CPU.ActiveCfg = Debug|Any CPU
		{94F6A14C-D598-47EB-9628-3325D97806DD}.Debug|Any CPU.Build.0 = Debug|Any CPU
		{94F6A14C-D598-47EB-9628-3325D97806DD}.Release|Any CPU.ActiveCfg = Release|Any CPU
		{94F6A14C-D598-47EB-9628-3325D97806DD}.Release|Any CPU.Build.0 = Release|Any CPU
		{78DB4157-3BFA-47A7-A8D3-BB0A11D82514}.Debug|Any CPU.ActiveCfg = Debug|Any CPU
		{78DB4157-3BFA-47A7-A8D3-BB0A11D82514}.Debug|Any CPU.Build.0 = Debug|Any CPU
		{78DB4157-3BFA-47A7-A8D3-BB0A11D82514}.Release|Any CPU.ActiveCfg = Release|Any CPU
		{78DB4157-3BFA-47A7-A8D3-BB0A11D82514}.Release|Any CPU.Build.0 = Release|Any CPU
	EndGlobalSection
	GlobalSection(SolutionProperties) = preSolution
		HideSolutionNode = FALSE
	EndGlobalSection
	GlobalSection(ExtensibilityGlobals) = postSolution
		SolutionGuid = {489F9914-CE96-4FA8-A269-E6BB2693136A}
	EndGlobalSection
EndGlobal
